
Microsoft Visual Studio Solution File, Format Version 12.00
# Visual Studio 15
VisualStudioVersion = 15.0.28307.779
MinimumVisualStudioVersion = 10.0.40219.1
Project("{8BC9CEB8-8B4A-11D0-8D11-00A0C91BC942}") = "demo_wrap_python", "demo_wrap_python\demo_wrap_python.vcxproj", "{BA914FA1-BD96-43EB-AF16-A5148252E2A3}"
EndProject
Global
	GlobalSection(SolutionConfigurationPlatforms) = preSolution
		Debug|x64 = Debug|x64
		Debug|x86 = Debug|x86
		Release|x64 = Release|x64
		Release|x86 = Release|x86
	EndGlobalSection
	GlobalSection(ProjectConfigurationPlatforms) = postSolution
		{BA914FA1-BD96-43EB-AF16-A5148252E2A3}.Debug|x64.ActiveCfg = Debug|x64
		{BA914FA1-BD96-43EB-AF16-A5148252E2A3}.Debug|x64.Build.0 = Debug|x64
		{BA914FA1-BD96-43EB-AF16-A5148252E2A3}.Debug|x86.ActiveCfg = Debug|Win32
		{BA914FA1-BD96-43EB-AF16-A5148252E2A3}.Debug|x86.Build.0 = Debug|Win32
		{BA914FA1-BD96-43EB-AF16-A5148252E2A3}.Release|x64.ActiveCfg = Release|x64
		{BA914FA1-BD96-43EB-AF16-A5148252E2A3}.Release|x64.Build.0 = Release|x64
		{BA914FA1-BD96-43EB-AF16-A5148252E2A3}.Release|x86.ActiveCfg = Release|Win32
		{BA914FA1-BD96-43EB-AF16-A5148252E2A3}.Release|x86.Build.0 = Release|Win32
	EndGlobalSection
	GlobalSection(SolutionProperties) = preSolution
		HideSolutionNode = FALSE
	EndGlobalSection
	GlobalSection(ExtensibilityGlobals) = postSolution
		SolutionGuid = {8E288F1A-E48F-473E-A5ED-AB4874032579}
	EndGlobalSection
EndGlobal
